
Microsoft Visual Studio Solution File, Format Version 12.00
# Visual Studio Version 16
VisualStudioVersion = 16.0.29418.71
MinimumVisualStudioVersion = 10.0.40219.1
Project("{9A19103F-16F7-4668-BE54-9A1E7A4F7556}") = "CompSciStudy", "CompSciStudy\CompSciStudy.csproj", "{A8BE07FB-D9FC-40BC-B352-257BA8AB51A1}"
EndProject
Project("{9A19103F-16F7-4668-BE54-9A1E7A4F7556}") = "DataStructures", "DataStructures\DataStructures.csproj", "{44DA7042-5853-4CCF-8DC4-D69A6215FC31}"
EndProject
Project("{9A19103F-16F7-4668-BE54-9A1E7A4F7556}") = "DataStructures.Tests", "DataStructures.Tests\DataStructures.Tests.csproj", "{6C3DCC7E-1280-4C06-A18E-9D56B43ABEB0}"
EndProject
Project("{9A19103F-16F7-4668-BE54-9A1E7A4F7556}") = "DataStructures.Library", "DataStructures.Library\DataStructures.Library.csproj", "{1FB20612-D2C3-4194-B6E9-7A6A1817BF9B}"
EndProject
Project("{FAE04EC0-301F-11D3-BF4B-00C04F79EFBC}") = "Algorithms", "Algorithms\Algorithms.csproj", "{CA79D432-5002-43AA-BF36-4D3CF05F7B06}"
EndProject
Project("{FAE04EC0-301F-11D3-BF4B-00C04F79EFBC}") = "Algorithms.Tests", "Algorithms.Tests\Algorithms.Tests.csproj", "{60AC8CCB-708D-44CC-943B-CD3AA5D97BB2}"
EndProject
Global
	GlobalSection(SolutionConfigurationPlatforms) = preSolution
		Debug|Any CPU = Debug|Any CPU
		Release|Any CPU = Release|Any CPU
	EndGlobalSection
	GlobalSection(ProjectConfigurationPlatforms) = postSolution
		{A8BE07FB-D9FC-40BC-B352-257BA8AB51A1}.Debug|Any CPU.ActiveCfg = Debug|Any CPU
		{A8BE07FB-D9FC-40BC-B352-257BA8AB51A1}.Debug|Any CPU.Build.0 = Debug|Any CPU
		{A8BE07FB-D9FC-40BC-B352-257BA8AB51A1}.Release|Any CPU.ActiveCfg = Release|Any CPU
		{A8BE07FB-D9FC-40BC-B352-257BA8AB51A1}.Release|Any CPU.Build.0 = Release|Any CPU
		{44DA7042-5853-4CCF-8DC4-D69A6215FC31}.Debug|Any CPU.ActiveCfg = Debug|Any CPU
		{44DA7042-5853-4CCF-8DC4-D69A6215FC31}.Debug|Any CPU.Build.0 = Debug|Any CPU
		{44DA7042-5853-4CCF-8DC4-D69A6215FC31}.Release|Any CPU.ActiveCfg = Release|Any CPU
		{44DA7042-5853-4CCF-8DC4-D69A6215FC31}.Release|Any CPU.Build.0 = Release|Any CPU
		{6C3DCC7E-1280-4C06-A18E-9D56B43ABEB0}.Debug|Any CPU.ActiveCfg = Debug|Any CPU
		{6C3DCC7E-1280-4C06-A18E-9D56B43ABEB0}.Debug|Any CPU.Build.0 = Debug|Any CPU
		{6C3DCC7E-1280-4C06-A18E-9D56B43ABEB0}.Release|Any CPU.ActiveCfg = Release|Any CPU
		{6C3DCC7E-1280-4C06-A18E-9D56B43ABEB0}.Release|Any CPU.Build.0 = Release|Any CPU
		{1FB20612-D2C3-4194-B6E9-7A6A1817BF9B}.Debug|Any CPU.ActiveCfg = Debug|Any CPU
		{1FB20612-D2C3-4194-B6E9-7A6A1817BF9B}.Debug|Any CPU.Build.0 = Debug|Any CPU
		{1FB20612-D2C3-4194-B6E9-7A6A1817BF9B}.Release|Any CPU.ActiveCfg = Release|Any CPU
		{1FB20612-D2C3-4194-B6E9-7A6A1817BF9B}.Release|Any CPU.Build.0 = Release|Any CPU
		{CA79D432-5002-43AA-BF36-4D3CF05F7B06}.Debug|Any CPU.ActiveCfg = Debug|Any CPU
		{CA79D432-5002-43AA-BF36-4D3CF05F7B06}.Debug|Any CPU.Build.0 = Debug|Any CPU
		{CA79D432-5002-43AA-BF36-4D3CF05F7B06}.Release|Any CPU.ActiveCfg = Release|Any CPU
		{CA79D432-5002-43AA-BF36-4D3CF05F7B06}.Release|Any CPU.Build.0 = Release|Any CPU
		{60AC8CCB-708D-44CC-943B-CD3AA5D97BB2}.Debug|Any CPU.ActiveCfg = Debug|Any CPU
		{60AC8CCB-708D-44CC-943B-CD3AA5D97BB2}.Debug|Any CPU.Build.0 = Debug|Any CPU
		{60AC8CCB-708D-44CC-943B-CD3AA5D97BB2}.Release|Any CPU.ActiveCfg = Release|Any CPU
		{60AC8CCB-708D-44CC-943B-CD3AA5D97BB2}.Release|Any CPU.Build.0 = Release|Any CPU
	EndGlobalSection
	GlobalSection(SolutionProperties) = preSolution
		HideSolutionNode = FALSE
	EndGlobalSection
	GlobalSection(ExtensibilityGlobals) = postSolution
		SolutionGuid = {F64E2467-FD3B-464D-8334-C623C4841F93}
	EndGlobalSection
EndGlobal
